
Microsoft Visual Studio Solution File, Format Version 12.00
# Visual Studio 2012
Project("{FAE04EC0-301F-11D3-BF4B-00C04F79EFBC}") = "Snake Multiplayer", "Snake Multiplayer\Snake Multiplayer.csproj", "{5B34670C-009A-48C7-89AB-AA9B7CE35882}"
EndProject
Global
	GlobalSection(SolutionConfigurationPlatforms) = preSolution
		Debug|Any CPU = Debug|Any CPU
		Release|Any CPU = Release|Any CPU
	EndGlobalSection
	GlobalSection(ProjectConfigurationPlatforms) = postSolution
		{5B34670C-009A-48C7-89AB-AA9B7CE35882}.Debug|Any CPU.ActiveCfg = Debug|Any CPU
		{5B34670C-009A-48C7-89AB-AA9B7CE35882}.Debug|Any CPU.Build.0 = Debug|Any CPU
		{5B34670C-009A-48C7-89AB-AA9B7CE35882}.Release|Any CPU.ActiveCfg = Release|Any CPU
		{5B34670C-009A-48C7-89AB-AA9B7CE35882}.Release|Any CPU.Build.0 = Release|Any CPU
	EndGlobalSection
	GlobalSection(SolutionProperties) = preSolution
		HideSolutionNode = FALSE
	EndGlobalSection
EndGlobal
